
Microsoft Visual Studio Solution File, Format Version 11.00
# Visual Studio 2010
Project("{FAE04EC0-301F-11D3-BF4B-00C04F79EFBC}") = "iiswarmup", "iiswarmup.csproj", "{FCBC94ED-2CC0-4FB5-8632-5DB8E0269290}"
EndProject
Global
	GlobalSection(SolutionConfigurationPlatforms) = preSolution
		Debug|x86 = Debug|x86
		Release|x86 = Release|x86
	EndGlobalSection
	GlobalSection(ProjectConfigurationPlatforms) = postSolution
		{FCBC94ED-2CC0-4FB5-8632-5DB8E0269290}.Debug|x86.ActiveCfg = Debug|x86
		{FCBC94ED-2CC0-4FB5-8632-5DB8E0269290}.Debug|x86.Build.0 = Debug|x86
		{FCBC94ED-2CC0-4FB5-8632-5DB8E0269290}.Release|x86.ActiveCfg = Release|x86
		{FCBC94ED-2CC0-4FB5-8632-5DB8E0269290}.Release|x86.Build.0 = Release|x86
	EndGlobalSection
	GlobalSection(SolutionProperties) = preSolution
		HideSolutionNode = FALSE
	EndGlobalSection
EndGlobal
